
Microsoft Visual Studio Solution File, Format Version 12.00
# Visual Studio Version 17
VisualStudioVersion = 17.13.35828.75 d17.13
MinimumVisualStudioVersion = 10.0.40219.1
Project("{FAE04EC0-301F-11D3-BF4B-00C04F79EFBC}") = "RoomBooking.Domain", "RoomBooking.Domain\RoomBooking.Domain.csproj", "{E2077109-BAAA-41E8-8A79-4690724F4670}"
EndProject
Global
	GlobalSection(SolutionConfigurationPlatforms) = preSolution
		Debug|Any CPU = Debug|Any CPU
		Release|Any CPU = Release|Any CPU
	EndGlobalSection
	GlobalSection(ProjectConfigurationPlatforms) = postSolution
		{E2077109-BAAA-41E8-8A79-4690724F4670}.Debug|Any CPU.ActiveCfg = Debug|Any CPU
		{E2077109-BAAA-41E8-8A79-4690724F4670}.Debug|Any CPU.Build.0 = Debug|Any CPU
		{E2077109-BAAA-41E8-8A79-4690724F4670}.Release|Any CPU.ActiveCfg = Release|Any CPU
		{E2077109-BAAA-41E8-8A79-4690724F4670}.Release|Any CPU.Build.0 = Release|Any CPU
	EndGlobalSection
	GlobalSection(SolutionProperties) = preSolution
		HideSolutionNode = FALSE
	EndGlobalSection
	GlobalSection(ExtensibilityGlobals) = postSolution
		SolutionGuid = {D2322FBB-5F3B-4C43-8841-C33A81C1007A}
	EndGlobalSection
EndGlobal
